
Microsoft Visual Studio Solution File, Format Version 12.00
# Visual Studio 2013
VisualStudioVersion = 12.0.21005.1
MinimumVisualStudioVersion = 10.0.40219.1
Project("{8BC9CEB8-8B4A-11D0-8D11-00A0C91BC942}") = "Primes(C++)", "Primes(C++)\Primes(C++).vcxproj", "{9E701B1B-C14A-42E3-9D04-EB3C41AD8EB1}"
EndProject
Global
	GlobalSection(SolutionConfigurationPlatforms) = preSolution
		Debug|Win32 = Debug|Win32
		Release|Win32 = Release|Win32
	EndGlobalSection
	GlobalSection(ProjectConfigurationPlatforms) = postSolution
		{9E701B1B-C14A-42E3-9D04-EB3C41AD8EB1}.Debug|Win32.ActiveCfg = Debug|Win32
		{9E701B1B-C14A-42E3-9D04-EB3C41AD8EB1}.Debug|Win32.Build.0 = Debug|Win32
		{9E701B1B-C14A-42E3-9D04-EB3C41AD8EB1}.Release|Win32.ActiveCfg = Release|Win32
		{9E701B1B-C14A-42E3-9D04-EB3C41AD8EB1}.Release|Win32.Build.0 = Release|Win32
	EndGlobalSection
	GlobalSection(SolutionProperties) = preSolution
		HideSolutionNode = FALSE
	EndGlobalSection
EndGlobal
